
Microsoft Visual Studio Solution File, Format Version 12.00
# Visual Studio Version 17
VisualStudioVersion = 17.3.32929.385
MinimumVisualStudioVersion = 10.0.40219.1
Project("{FAE04EC0-301F-11D3-BF4B-00C04F79EFBC}") = "August8th2023_Practice", "August8th2023_Practice.csproj", "{4DAD5385-8114-41CA-A55A-CBAD649ABD11}"
EndProject
Global
	GlobalSection(SolutionConfigurationPlatforms) = preSolution
		Debug|Any CPU = Debug|Any CPU
		Release|Any CPU = Release|Any CPU
	EndGlobalSection
	GlobalSection(ProjectConfigurationPlatforms) = postSolution
		{4DAD5385-8114-41CA-A55A-CBAD649ABD11}.Debug|Any CPU.ActiveCfg = Debug|Any CPU
		{4DAD5385-8114-41CA-A55A-CBAD649ABD11}.Debug|Any CPU.Build.0 = Debug|Any CPU
		{4DAD5385-8114-41CA-A55A-CBAD649ABD11}.Release|Any CPU.ActiveCfg = Release|Any CPU
		{4DAD5385-8114-41CA-A55A-CBAD649ABD11}.Release|Any CPU.Build.0 = Release|Any CPU
	EndGlobalSection
	GlobalSection(SolutionProperties) = preSolution
		HideSolutionNode = FALSE
	EndGlobalSection
	GlobalSection(ExtensibilityGlobals) = postSolution
		SolutionGuid = {5F16398F-CA41-41A5-8EBE-4E88E45EE8A7}
	EndGlobalSection
EndGlobal
